
Microsoft Visual Studio Solution File, Format Version 12.00
# Visual Studio Version 17
VisualStudioVersion = 17.3.32819.101
MinimumVisualStudioVersion = 10.0.40219.1
Project("{9A19103F-16F7-4668-BE54-9A1E7A4F7556}") = "LazyMoon", "LazyMoon\LazyMoon.csproj", "{A36C9E8F-D5DE-48F6-AEF6-125CD95FB4AB}"
EndProject
Project("{9A19103F-16F7-4668-BE54-9A1E7A4F7556}") = "LazyMoon.Client", "LazyMoon.Client\LazyMoon.Client.csproj", "{C503760B-8BDA-4B97-ADFB-5A4D9E54BCF2}"
EndProject
Global
	GlobalSection(SolutionConfigurationPlatforms) = preSolution
		Debug|Any CPU = Debug|Any CPU
		Release|Any CPU = Release|Any CPU
		Remote|Any CPU = Remote|Any CPU
	EndGlobalSection
	GlobalSection(ProjectConfigurationPlatforms) = postSolution
		{A36C9E8F-D5DE-48F6-AEF6-125CD95FB4AB}.Debug|Any CPU.ActiveCfg = Debug|Any CPU
		{A36C9E8F-D5DE-48F6-AEF6-125CD95FB4AB}.Debug|Any CPU.Build.0 = Debug|Any CPU
		{A36C9E8F-D5DE-48F6-AEF6-125CD95FB4AB}.Release|Any CPU.ActiveCfg = Release|Any CPU
		{A36C9E8F-D5DE-48F6-AEF6-125CD95FB4AB}.Release|Any CPU.Build.0 = Release|Any CPU
		{A36C9E8F-D5DE-48F6-AEF6-125CD95FB4AB}.Remote|Any CPU.ActiveCfg = Remote|Any CPU
		{A36C9E8F-D5DE-48F6-AEF6-125CD95FB4AB}.Remote|Any CPU.Build.0 = Remote|Any CPU
		{C503760B-8BDA-4B97-ADFB-5A4D9E54BCF2}.Debug|Any CPU.ActiveCfg = Debug|Any CPU
		{C503760B-8BDA-4B97-ADFB-5A4D9E54BCF2}.Debug|Any CPU.Build.0 = Debug|Any CPU
		{C503760B-8BDA-4B97-ADFB-5A4D9E54BCF2}.Release|Any CPU.ActiveCfg = Release|Any CPU
		{C503760B-8BDA-4B97-ADFB-5A4D9E54BCF2}.Release|Any CPU.Build.0 = Release|Any CPU
		{C503760B-8BDA-4B97-ADFB-5A4D9E54BCF2}.Remote|Any CPU.ActiveCfg = Release|Any CPU
		{C503760B-8BDA-4B97-ADFB-5A4D9E54BCF2}.Remote|Any CPU.Build.0 = Release|Any CPU
	EndGlobalSection
	GlobalSection(SolutionProperties) = preSolution
		HideSolutionNode = FALSE
	EndGlobalSection
	GlobalSection(ExtensibilityGlobals) = postSolution
		SolutionGuid = {4E9CCEB1-F429-4E9A-AABC-33170268530B}
	EndGlobalSection
EndGlobal
